// !$*UTF8*$!
{
	archiveVersion = 1;
	classes = {
	};
	objectVersion = 56;
	objects = {

/* Begin PBXBuildFile section */
		730098B129780193009FC21E /* MainViewController.swift in Sources */ = {isa = PBXBuildFile; fileRef = 730098B029780193009FC21E /* MainViewController.swift */; };
		730098B3297801A2009FC21E /* ChooseGroupViewController.swift in Sources */ = {isa = PBXBuildFile; fileRef = 730098B2297801A2009FC21E /* ChooseGroupViewController.swift */; };
		730098B5297802CB009FC21E /* HomeTabBarController.swift in Sources */ = {isa = PBXBuildFile; fileRef = 730098B4297802CB009FC21E /* HomeTabBarController.swift */; };
		730730A429772EE6000E7191 /* Localize_Swift in Frameworks */ = {isa = PBXBuildFile; productRef = 730730A329772EE6000E7191 /* Localize_Swift */; };
		73263F6229786E5B00F21B82 /* AlertExtension.swift in Sources */ = {isa = PBXBuildFile; fileRef = 73263F6129786E5B00F21B82 /* AlertExtension.swift */; };
		73263F64297887B300F21B82 /* UIResponder+Utils.swift in Sources */ = {isa = PBXBuildFile; fileRef = 73263F63297887B300F21B82 /* UIResponder+Utils.swift */; };
		73263F662978885C00F21B82 /* UsserDefaults+Extension.swift in Sources */ = {isa = PBXBuildFile; fileRef = 73263F652978885C00F21B82 /* UsserDefaults+Extension.swift */; };
		73263F682978A9C800F21B82 /* OnboardingViewController.swift in Sources */ = {isa = PBXBuildFile; fileRef = 73263F672978A9C800F21B82 /* OnboardingViewController.swift */; };
		733B25192975067600625839 /* TeachersListTableViewController.swift in Sources */ = {isa = PBXBuildFile; fileRef = 733B25182975067600625839 /* TeachersListTableViewController.swift */; };
		733B251B2975081D00625839 /* TeacherListModel.swift in Sources */ = {isa = PBXBuildFile; fileRef = 733B251A2975081D00625839 /* TeacherListModel.swift */; };
		733B251D2975085000625839 /* TeacherListTableViewCell.swift in Sources */ = {isa = PBXBuildFile; fileRef = 733B251C2975085000625839 /* TeacherListTableViewCell.swift */; };
		737476BE29773ABD00DF9163 /* SettingsViewController.swift in Sources */ = {isa = PBXBuildFile; fileRef = 737476BD29773ABD00DF9163 /* SettingsViewController.swift */; };
		73819FBE296EE40A006F5C57 /* FIrstDayTableViewCell.swift in Sources */ = {isa = PBXBuildFile; fileRef = 73819FBD296EE40A006F5C57 /* FIrstDayTableViewCell.swift */; };
		73819FC0296EE414006F5C57 /* SecondDayTableViewCell.swift in Sources */ = {isa = PBXBuildFile; fileRef = 73819FBF296EE414006F5C57 /* SecondDayTableViewCell.swift */; };
		73819FC2296EE41B006F5C57 /* ThirdDayTableViewCell.swift in Sources */ = {isa = PBXBuildFile; fileRef = 73819FC1296EE41B006F5C57 /* ThirdDayTableViewCell.swift */; };
		73819FC6296EF76F006F5C57 /* FirstTableViewCell.swift in Sources */ = {isa = PBXBuildFile; fileRef = 73819FC5296EF76F006F5C57 /* FirstTableViewCell.swift */; };
		73819FC8296EF776006F5C57 /* SecondTableViewCell.swift in Sources */ = {isa = PBXBuildFile; fileRef = 73819FC7296EF776006F5C57 /* SecondTableViewCell.swift */; };
		73819FCA296EF77C006F5C57 /* ThirdTableViewCell.swift in Sources */ = {isa = PBXBuildFile; fileRef = 73819FC9296EF77C006F5C57 /* ThirdTableViewCell.swift */; };
		738DE32E2964D7DE00D6DD9F /* FirebaseAnalytics in Frameworks */ = {isa = PBXBuildFile; productRef = 738DE32D2964D7DE00D6DD9F /* FirebaseAnalytics */; };
		738DE3302964D7DE00D6DD9F /* FirebaseAuth in Frameworks */ = {isa = PBXBuildFile; productRef = 738DE32F2964D7DE00D6DD9F /* FirebaseAuth */; };
		738DE3322964D7DE00D6DD9F /* FirebaseDatabase in Frameworks */ = {isa = PBXBuildFile; productRef = 738DE3312964D7DE00D6DD9F /* FirebaseDatabase */; };
		738DE3342964D7DE00D6DD9F /* FirebaseFirestore in Frameworks */ = {isa = PBXBuildFile; productRef = 738DE3332964D7DE00D6DD9F /* FirebaseFirestore */; };
		738DE3362964D7DE00D6DD9F /* FirebaseStorage in Frameworks */ = {isa = PBXBuildFile; productRef = 738DE3352964D7DE00D6DD9F /* FirebaseStorage */; };
		738DE3382964D90E00D6DD9F /* GoogleService-Info.plist in Resources */ = {isa = PBXBuildFile; fileRef = 738DE3372964D90D00D6DD9F /* GoogleService-Info.plist */; };
		7392CBB8296C6DB4003EF0AC /* CurrentDateFormatter.swift in Sources */ = {isa = PBXBuildFile; fileRef = 7392CBB7296C6DB4003EF0AC /* CurrentDateFormatter.swift */; };
		739F46A22938B35700F4B92F /* AppDelegate.swift in Sources */ = {isa = PBXBuildFile; fileRef = 739F46A12938B35700F4B92F /* AppDelegate.swift */; };
		739F46A42938B35700F4B92F /* SceneDelegate.swift in Sources */ = {isa = PBXBuildFile; fileRef = 739F46A32938B35700F4B92F /* SceneDelegate.swift */; };
		739F46A92938B35700F4B92F /* Main.storyboard in Resources */ = {isa = PBXBuildFile; fileRef = 739F46A72938B35700F4B92F /* Main.storyboard */; };
		739F46AB2938B35800F4B92F /* Assets.xcassets in Resources */ = {isa = PBXBuildFile; fileRef = 739F46AA2938B35800F4B92F /* Assets.xcassets */; };
		739F46AE2938B35800F4B92F /* LaunchScreen.storyboard in Resources */ = {isa = PBXBuildFile; fileRef = 739F46AC2938B35800F4B92F /* LaunchScreen.storyboard */; };
		73BF47BE296318510094975B /* DayModel.swift in Sources */ = {isa = PBXBuildFile; fileRef = 73BF47BD296318510094975B /* DayModel.swift */; };
		73D594A2297320D800574268 /* TeacherTableViewCell.swift in Sources */ = {isa = PBXBuildFile; fileRef = 73D594A1297320D800574268 /* TeacherTableViewCell.swift */; };
		73D594A42973211300574268 /* TeacherInfoViewController.swift in Sources */ = {isa = PBXBuildFile; fileRef = 73D594A32973211300574268 /* TeacherInfoViewController.swift */; };
		73D594A6297321BD00574268 /* TeacherModel.swift in Sources */ = {isa = PBXBuildFile; fileRef = 73D594A5297321BD00574268 /* TeacherModel.swift */; };
		73D7864C29621BC6000BAF8C /* Montserrat-Regular.ttf in Resources */ = {isa = PBXBuildFile; fileRef = 73D7864929621BC6000BAF8C /* Montserrat-Regular.ttf */; };
		73D7864D29621BC6000BAF8C /* Montserrat-Bold.ttf in Resources */ = {isa = PBXBuildFile; fileRef = 73D7864A29621BC6000BAF8C /* Montserrat-Bold.ttf */; };
		73D7864E29621BC6000BAF8C /* Montserrat-SemiBold.ttf in Resources */ = {isa = PBXBuildFile; fileRef = 73D7864B29621BC6000BAF8C /* Montserrat-SemiBold.ttf */; };
		73D7865029622440000BAF8C /* ScheduleViewController.swift in Sources */ = {isa = PBXBuildFile; fileRef = 73D7864F29622440000BAF8C /* ScheduleViewController.swift */; };
/* End PBXBuildFile section */

/* Begin PBXFileReference section */
		730098B029780193009FC21E /* MainViewController.swift */ = {isa = PBXFileReference; lastKnownFileType = sourcecode.swift; path = MainViewController.swift; sourceTree = "<group>"; };
		730098B2297801A2009FC21E /* ChooseGroupViewController.swift */ = {isa = PBXFileReference; lastKnownFileType = sourcecode.swift; path = ChooseGroupViewController.swift; sourceTree = "<group>"; };
		730098B4297802CB009FC21E /* HomeTabBarController.swift */ = {isa = PBXFileReference; lastKnownFileType = sourcecode.swift; path = HomeTabBarController.swift; sourceTree = "<group>"; };
		73263F6129786E5B00F21B82 /* AlertExtension.swift */ = {isa = PBXFileReference; lastKnownFileType = sourcecode.swift; path = AlertExtension.swift; sourceTree = "<group>"; };
		73263F63297887B300F21B82 /* UIResponder+Utils.swift */ = {isa = PBXFileReference; lastKnownFileType = sourcecode.swift; path = "UIResponder+Utils.swift"; sourceTree = "<group>"; };
		73263F652978885C00F21B82 /* UsserDefaults+Extension.swift */ = {isa = PBXFileReference; lastKnownFileType = sourcecode.swift; path = "UsserDefaults+Extension.swift"; sourceTree = "<group>"; };
		73263F672978A9C800F21B82 /* OnboardingViewController.swift */ = {isa = PBXFileReference; lastKnownFileType = sourcecode.swift; path = OnboardingViewController.swift; sourceTree = "<group>"; };
		733B25182975067600625839 /* TeachersListTableViewController.swift */ = {isa = PBXFileReference; lastKnownFileType = sourcecode.swift; path = TeachersListTableViewController.swift; sourceTree = "<group>"; };
		733B251A2975081D00625839 /* TeacherListModel.swift */ = {isa = PBXFileReference; lastKnownFileType = sourcecode.swift; path = TeacherListModel.swift; sourceTree = "<group>"; };
		733B251C2975085000625839 /* TeacherListTableViewCell.swift */ = {isa = PBXFileReference; lastKnownFileType = sourcecode.swift; path = TeacherListTableViewCell.swift; sourceTree = "<group>"; };
		737476BD29773ABD00DF9163 /* SettingsViewController.swift */ = {isa = PBXFileReference; lastKnownFileType = sourcecode.swift; path = SettingsViewController.swift; sourceTree = "<group>"; };
		73819FBD296EE40A006F5C57 /* FIrstDayTableViewCell.swift */ = {isa = PBXFileReference; lastKnownFileType = sourcecode.swift; path = FIrstDayTableViewCell.swift; sourceTree = "<group>"; };
		73819FBF296EE414006F5C57 /* SecondDayTableViewCell.swift */ = {isa = PBXFileReference; lastKnownFileType = sourcecode.swift; path = SecondDayTableViewCell.swift; sourceTree = "<group>"; };
		73819FC1296EE41B006F5C57 /* ThirdDayTableViewCell.swift */ = {isa = PBXFileReference; lastKnownFileType = sourcecode.swift; path = ThirdDayTableViewCell.swift; sourceTree = "<group>"; };
		73819FC5296EF76F006F5C57 /* FirstTableViewCell.swift */ = {isa = PBXFileReference; lastKnownFileType = sourcecode.swift; path = FirstTableViewCell.swift; sourceTree = "<group>"; };
		73819FC7296EF776006F5C57 /* SecondTableViewCell.swift */ = {isa = PBXFileReference; lastKnownFileType = sourcecode.swift; path = SecondTableViewCell.swift; sourceTree = "<group>"; };
		73819FC9296EF77C006F5C57 /* ThirdTableViewCell.swift */ = {isa = PBXFileReference; lastKnownFileType = sourcecode.swift; path = ThirdTableViewCell.swift; sourceTree = "<group>"; };
		738DE3372964D90D00D6DD9F /* GoogleService-Info.plist */ = {isa = PBXFileReference; fileEncoding = 4; lastKnownFileType = text.plist.xml; path = "GoogleService-Info.plist"; sourceTree = "<group>"; };
		7392CBB7296C6DB4003EF0AC /* CurrentDateFormatter.swift */ = {isa = PBXFileReference; lastKnownFileType = sourcecode.swift; path = CurrentDateFormatter.swift; sourceTree = "<group>"; };
		739F469E2938B35700F4B92F /* schedule_app.app */ = {isa = PBXFileReference; explicitFileType = wrapper.application; includeInIndex = 0; path = schedule_app.app; sourceTree = BUILT_PRODUCTS_DIR; };
		739F46A12938B35700F4B92F /* AppDelegate.swift */ = {isa = PBXFileReference; lastKnownFileType = sourcecode.swift; path = AppDelegate.swift; sourceTree = "<group>"; };
		739F46A32938B35700F4B92F /* SceneDelegate.swift */ = {isa = PBXFileReference; lastKnownFileType = sourcecode.swift; path = SceneDelegate.swift; sourceTree = "<group>"; };
		739F46A82938B35700F4B92F /* Base */ = {isa = PBXFileReference; lastKnownFileType = file.storyboard; name = Base; path = Base.lproj/Main.storyboard; sourceTree = "<group>"; };
		739F46AA2938B35800F4B92F /* Assets.xcassets */ = {isa = PBXFileReference; lastKnownFileType = folder.assetcatalog; path = Assets.xcassets; sourceTree = "<group>"; };
		739F46AD2938B35800F4B92F /* Base */ = {isa = PBXFileReference; lastKnownFileType = file.storyboard; name = Base; path = Base.lproj/LaunchScreen.storyboard; sourceTree = "<group>"; };
		739F46AF2938B35800F4B92F /* Info.plist */ = {isa = PBXFileReference; lastKnownFileType = text.plist.xml; path = Info.plist; sourceTree = "<group>"; };
		73BF47BD296318510094975B /* DayModel.swift */ = {isa = PBXFileReference; lastKnownFileType = sourcecode.swift; path = DayModel.swift; sourceTree = "<group>"; };
		73D594A1297320D800574268 /* TeacherTableViewCell.swift */ = {isa = PBXFileReference; lastKnownFileType = sourcecode.swift; path = TeacherTableViewCell.swift; sourceTree = "<group>"; };
		73D594A32973211300574268 /* TeacherInfoViewController.swift */ = {isa = PBXFileReference; lastKnownFileType = sourcecode.swift; path = TeacherInfoViewController.swift; sourceTree = "<group>"; };
		73D594A5297321BD00574268 /* TeacherModel.swift */ = {isa = PBXFileReference; lastKnownFileType = sourcecode.swift; path = TeacherModel.swift; sourceTree = "<group>"; };
		73D7864929621BC6000BAF8C /* Montserrat-Regular.ttf */ = {isa = PBXFileReference; lastKnownFileType = file; path = "Montserrat-Regular.ttf"; sourceTree = "<group>"; };
		73D7864A29621BC6000BAF8C /* Montserrat-Bold.ttf */ = {isa = PBXFileReference; lastKnownFileType = file; path = "Montserrat-Bold.ttf"; sourceTree = "<group>"; };
		73D7864B29621BC6000BAF8C /* Montserrat-SemiBold.ttf */ = {isa = PBXFileReference; lastKnownFileType = file; path = "Montserrat-SemiBold.ttf"; sourceTree = "<group>"; };
		73D7864F29622440000BAF8C /* ScheduleViewController.swift */ = {isa = PBXFileReference; lastKnownFileType = sourcecode.swift; path = ScheduleViewController.swift; sourceTree = "<group>"; };
/* End PBXFileReference section */

/* Begin PBXFrameworksBuildPhase section */
		739F469B2938B35700F4B92F /* Frameworks */ = {
			isa = PBXFrameworksBuildPhase;
			buildActionMask = 2147483647;
			files = (
				738DE3322964D7DE00D6DD9F /* FirebaseDatabase in Frameworks */,
				738DE3342964D7DE00D6DD9F /* FirebaseFirestore in Frameworks */,
				738DE32E2964D7DE00D6DD9F /* FirebaseAnalytics in Frameworks */,
				730730A429772EE6000E7191 /* Localize_Swift in Frameworks */,
				738DE3362964D7DE00D6DD9F /* FirebaseStorage in Frameworks */,
				738DE3302964D7DE00D6DD9F /* FirebaseAuth in Frameworks */,
			);
			runOnlyForDeploymentPostprocessing = 0;
		};
/* End PBXFrameworksBuildPhase section */

/* Begin PBXGroup section */
		73819FCD296F3210006F5C57 /* DayTableViewCells */ = {
			isa = PBXGroup;
			children = (
				73819FC5296EF76F006F5C57 /* FirstTableViewCell.swift */,
				73819FC7296EF776006F5C57 /* SecondTableViewCell.swift */,
				73819FC9296EF77C006F5C57 /* ThirdTableViewCell.swift */,
			);
			path = DayTableViewCells;
			sourceTree = "<group>";
		};
		73819FCE296F323D006F5C57 /* Views */ = {
			isa = PBXGroup;
			children = (
				73D7864F29622440000BAF8C /* ScheduleViewController.swift */,
				73D594A32973211300574268 /* TeacherInfoViewController.swift */,
				733B25182975067600625839 /* TeachersListTableViewController.swift */,
				737476BD29773ABD00DF9163 /* SettingsViewController.swift */,
				730098B029780193009FC21E /* MainViewController.swift */,
				730098B2297801A2009FC21E /* ChooseGroupViewController.swift */,
				730098B4297802CB009FC21E /* HomeTabBarController.swift */,
				73263F672978A9C800F21B82 /* OnboardingViewController.swift */,
			);
			path = Views;
			sourceTree = "<group>";
		};
		73819FCF296F324B006F5C57 /* Models */ = {
			isa = PBXGroup;
			children = (
				73BF47BD296318510094975B /* DayModel.swift */,
				73D594A5297321BD00574268 /* TeacherModel.swift */,
				733B251A2975081D00625839 /* TeacherListModel.swift */,
			);
			path = Models;
			sourceTree = "<group>";
		};
		73819FD0296F3256006F5C57 /* Extensions */ = {
			isa = PBXGroup;
			children = (
				7392CBB7296C6DB4003EF0AC /* CurrentDateFormatter.swift */,
				73263F6129786E5B00F21B82 /* AlertExtension.swift */,
				73263F63297887B300F21B82 /* UIResponder+Utils.swift */,
				73263F652978885C00F21B82 /* UsserDefaults+Extension.swift */,
			);
			path = Extensions;
			sourceTree = "<group>";
		};
		739F46952938B35700F4B92F = {
			isa = PBXGroup;
			children = (
				739F46A02938B35700F4B92F /* schedule_app */,
				739F469F2938B35700F4B92F /* Products */,
			);
			sourceTree = "<group>";
		};
		739F469F2938B35700F4B92F /* Products */ = {
			isa = PBXGroup;
			children = (
				739F469E2938B35700F4B92F /* schedule_app.app */,
			);
			name = Products;
			sourceTree = "<group>";
		};
		739F46A02938B35700F4B92F /* schedule_app */ = {
			isa = PBXGroup;
			children = (
				73D594A0297320B800574268 /* TeacherTableViewCells */,
				73D7864829621B2F000BAF8C /* fonts */,
				73819FD0296F3256006F5C57 /* Extensions */,
				73819FCF296F324B006F5C57 /* Models */,
				73D5949F297312A100574268 /* ScheduleTableViewCells */,
				73819FCE296F323D006F5C57 /* Views */,
				739F46A12938B35700F4B92F /* AppDelegate.swift */,
				739F46A32938B35700F4B92F /* SceneDelegate.swift */,
				739F46A72938B35700F4B92F /* Main.storyboard */,
				739F46AA2938B35800F4B92F /* Assets.xcassets */,
				739F46AC2938B35800F4B92F /* LaunchScreen.storyboard */,
				739F46AF2938B35800F4B92F /* Info.plist */,
				738DE3372964D90D00D6DD9F /* GoogleService-Info.plist */,
			);
			path = schedule_app;
			sourceTree = "<group>";
		};
		73D5949F297312A100574268 /* ScheduleTableViewCells */ = {
			isa = PBXGroup;
			children = (
				73819FBD296EE40A006F5C57 /* FIrstDayTableViewCell.swift */,
				73819FBF296EE414006F5C57 /* SecondDayTableViewCell.swift */,
				73819FC1296EE41B006F5C57 /* ThirdDayTableViewCell.swift */,
				73819FCD296F3210006F5C57 /* DayTableViewCells */,
			);
			path = ScheduleTableViewCells;
			sourceTree = "<group>";
		};
		73D594A0297320B800574268 /* TeacherTableViewCells */ = {
			isa = PBXGroup;
			children = (
				73D594A1297320D800574268 /* TeacherTableViewCell.swift */,
				733B251C2975085000625839 /* TeacherListTableViewCell.swift */,
			);
			path = TeacherTableViewCells;
			sourceTree = "<group>";
		};
		73D7864829621B2F000BAF8C /* fonts */ = {
			isa = PBXGroup;
			children = (
				73D7864A29621BC6000BAF8C /* Montserrat-Bold.ttf */,
				73D7864929621BC6000BAF8C /* Montserrat-Regular.ttf */,
				73D7864B29621BC6000BAF8C /* Montserrat-SemiBold.ttf */,
			);
			path = fonts;
			sourceTree = "<group>";
		};
/* End PBXGroup section */

/* Begin PBXNativeTarget section */
		739F469D2938B35700F4B92F /* schedule_app */ = {
			isa = PBXNativeTarget;
			buildConfigurationList = 739F46B22938B35800F4B92F /* Build configuration list for PBXNativeTarget "schedule_app" */;
			buildPhases = (
				739F469A2938B35700F4B92F /* Sources */,
				739F469B2938B35700F4B92F /* Frameworks */,
				739F469C2938B35700F4B92F /* Resources */,
			);
			buildRules = (
			);
			dependencies = (
			);
			name = schedule_app;
			packageProductDependencies = (
				738DE32D2964D7DE00D6DD9F /* FirebaseAnalytics */,
				738DE32F2964D7DE00D6DD9F /* FirebaseAuth */,
				738DE3312964D7DE00D6DD9F /* FirebaseDatabase */,
				738DE3332964D7DE00D6DD9F /* FirebaseFirestore */,
				738DE3352964D7DE00D6DD9F /* FirebaseStorage */,
				730730A329772EE6000E7191 /* Localize_Swift */,
			);
			productName = schedule_app;
			productReference = 739F469E2938B35700F4B92F /* schedule_app.app */;
			productType = "com.apple.product-type.application";
		};
/* End PBXNativeTarget section */

/* Begin PBXProject section */
		739F46962938B35700F4B92F /* Project object */ = {
			isa = PBXProject;
			attributes = {
				BuildIndependentTargetsInParallel = 1;
				LastSwiftUpdateCheck = 1400;
				LastUpgradeCheck = 1400;
				TargetAttributes = {
					739F469D2938B35700F4B92F = {
						CreatedOnToolsVersion = 14.0.1;
					};
				};
			};
			buildConfigurationList = 739F46992938B35700F4B92F /* Build configuration list for PBXProject "schedule_app" */;
			compatibilityVersion = "Xcode 14.0";
			developmentRegion = en;
			hasScannedForEncodings = 0;
			knownRegions = (
				en,
				Base,
			);
			mainGroup = 739F46952938B35700F4B92F;
			packageReferences = (
				738DE32C2964D7DE00D6DD9F /* XCRemoteSwiftPackageReference "firebase-ios-sdk" */,
				730730A229772EE5000E7191 /* XCRemoteSwiftPackageReference "Localize-Swift" */,
			);
			productRefGroup = 739F469F2938B35700F4B92F /* Products */;
			projectDirPath = "";
			projectRoot = "";
			targets = (
				739F469D2938B35700F4B92F /* schedule_app */,
			);
		};
/* End PBXProject section */

/* Begin PBXResourcesBuildPhase section */
		739F469C2938B35700F4B92F /* Resources */ = {
			isa = PBXResourcesBuildPhase;
			buildActionMask = 2147483647;
			files = (
				73D7864E29621BC6000BAF8C /* Montserrat-SemiBold.ttf in Resources */,
				73D7864D29621BC6000BAF8C /* Montserrat-Bold.ttf in Resources */,
				73D7864C29621BC6000BAF8C /* Montserrat-Regular.ttf in Resources */,
				739F46AE2938B35800F4B92F /* LaunchScreen.storyboard in Resources */,
				739F46AB2938B35800F4B92F /* Assets.xcassets in Resources */,
				739F46A92938B35700F4B92F /* Main.storyboard in Resources */,
				738DE3382964D90E00D6DD9F /* GoogleService-Info.plist in Resources */,
			);
			runOnlyForDeploymentPostprocessing = 0;
		};
/* End PBXResourcesBuildPhase section */

/* Begin PBXSourcesBuildPhase section */
		739F469A2938B35700F4B92F /* Sources */ = {
			isa = PBXSourcesBuildPhase;
			buildActionMask = 2147483647;
			files = (
				73D594A6297321BD00574268 /* TeacherModel.swift in Sources */,
				73819FC0296EE414006F5C57 /* SecondDayTableViewCell.swift in Sources */,
				730098B5297802CB009FC21E /* HomeTabBarController.swift in Sources */,
				733B251D2975085000625839 /* TeacherListTableViewCell.swift in Sources */,
				73263F64297887B300F21B82 /* UIResponder+Utils.swift in Sources */,
				730098B3297801A2009FC21E /* ChooseGroupViewController.swift in Sources */,
				73D594A2297320D800574268 /* TeacherTableViewCell.swift in Sources */,
				73D594A42973211300574268 /* TeacherInfoViewController.swift in Sources */,
				730098B129780193009FC21E /* MainViewController.swift in Sources */,
				7392CBB8296C6DB4003EF0AC /* CurrentDateFormatter.swift in Sources */,
				73819FC8296EF776006F5C57 /* SecondTableViewCell.swift in Sources */,
				73BF47BE296318510094975B /* DayModel.swift in Sources */,
				73263F682978A9C800F21B82 /* OnboardingViewController.swift in Sources */,
				73819FBE296EE40A006F5C57 /* FIrstDayTableViewCell.swift in Sources */,
				73819FCA296EF77C006F5C57 /* ThirdTableViewCell.swift in Sources */,
				73819FC2296EE41B006F5C57 /* ThirdDayTableViewCell.swift in Sources */,
				733B251B2975081D00625839 /* TeacherListModel.swift in Sources */,
				73D7865029622440000BAF8C /* ScheduleViewController.swift in Sources */,
				73263F6229786E5B00F21B82 /* AlertExtension.swift in Sources */,
				73263F662978885C00F21B82 /* UsserDefaults+Extension.swift in Sources */,
				73819FC6296EF76F006F5C57 /* FirstTableViewCell.swift in Sources */,
				739F46A22938B35700F4B92F /* AppDelegate.swift in Sources */,
				733B25192975067600625839 /* TeachersListTableViewController.swift in Sources */,
				739F46A42938B35700F4B92F /* SceneDelegate.swift in Sources */,
				737476BE29773ABD00DF9163 /* SettingsViewController.swift in Sources */,
			);
			runOnlyForDeploymentPostprocessing = 0;
		};
/* End PBXSourcesBuildPhase section */

/* Begin PBXVariantGroup section */
		739F46A72938B35700F4B92F /* Main.storyboard */ = {
			isa = PBXVariantGroup;
			children = (
				739F46A82938B35700F4B92F /* Base */,
			);
			name = Main.storyboard;
			sourceTree = "<group>";
		};
		739F46AC2938B35800F4B92F /* LaunchScreen.storyboard */ = {
			isa = PBXVariantGroup;
			children = (
				739F46AD2938B35800F4B92F /* Base */,
			);
			name = LaunchScreen.storyboard;
			sourceTree = "<group>";
		};
/* End PBXVariantGroup section */

/* Begin XCBuildConfiguration section */
		739F46B02938B35800F4B92F /* Debug */ = {
			isa = XCBuildConfiguration;
			buildSettings = {
				ALWAYS_SEARCH_USER_PATHS = NO;
				CLANG_ANALYZER_LOCALIZABILITY_NONLOCALIZED = YES;
				CLANG_ANALYZER_NONNULL = YES;
				CLANG_ANALYZER_NUMBER_OBJECT_CONVERSION = YES_AGGRESSIVE;
				CLANG_CXX_LANGUAGE_STANDARD = "gnu++20";
				CLANG_ENABLE_MODULES = YES;
				CLANG_ENABLE_OBJC_ARC = YES;
				CLANG_ENABLE_OBJC_WEAK = YES;
				CLANG_WARN_BLOCK_CAPTURE_AUTORELEASING = YES;
				CLANG_WARN_BOOL_CONVERSION = YES;
				CLANG_WARN_COMMA = YES;
				CLANG_WARN_CONSTANT_CONVERSION = YES;
				CLANG_WARN_DEPRECATED_OBJC_IMPLEMENTATIONS = YES;
				CLANG_WARN_DIRECT_OBJC_ISA_USAGE = YES_ERROR;
				CLANG_WARN_DOCUMENTATION_COMMENTS = YES;
				CLANG_WARN_EMPTY_BODY = YES;
				CLANG_WARN_ENUM_CONVERSION = YES;
				CLANG_WARN_INFINITE_RECURSION = YES;
				CLANG_WARN_INT_CONVERSION = YES;
				CLANG_WARN_NON_LITERAL_NULL_CONVERSION = YES;
				CLANG_WARN_OBJC_IMPLICIT_RETAIN_SELF = YES;
				CLANG_WARN_OBJC_LITERAL_CONVERSION = YES;
				CLANG_WARN_OBJC_ROOT_CLASS = YES_ERROR;
				CLANG_WARN_QUOTED_INCLUDE_IN_FRAMEWORK_HEADER = YES;
				CLANG_WARN_RANGE_LOOP_ANALYSIS = YES;
				CLANG_WARN_STRICT_PROTOTYPES = YES;
				CLANG_WARN_SUSPICIOUS_MOVE = YES;
				CLANG_WARN_UNGUARDED_AVAILABILITY = YES_AGGRESSIVE;
				CLANG_WARN_UNREACHABLE_CODE = YES;
				CLANG_WARN__DUPLICATE_METHOD_MATCH = YES;
				COPY_PHASE_STRIP = NO;
				DEBUG_INFORMATION_FORMAT = dwarf;
				ENABLE_STRICT_OBJC_MSGSEND = YES;
				ENABLE_TESTABILITY = YES;
				GCC_C_LANGUAGE_STANDARD = gnu11;
				GCC_DYNAMIC_NO_PIC = NO;
				GCC_NO_COMMON_BLOCKS = YES;
				GCC_OPTIMIZATION_LEVEL = 0;
				GCC_PREPROCESSOR_DEFINITIONS = (
					"DEBUG=1",
					"$(inherited)",
				);
				GCC_WARN_64_TO_32_BIT_CONVERSION = YES;
				GCC_WARN_ABOUT_RETURN_TYPE = YES_ERROR;
				GCC_WARN_UNDECLARED_SELECTOR = YES;
				GCC_WARN_UNINITIALIZED_AUTOS = YES_AGGRESSIVE;
				GCC_WARN_UNUSED_FUNCTION = YES;
				GCC_WARN_UNUSED_VARIABLE = YES;
				IPHONEOS_DEPLOYMENT_TARGET = 13.0;
				MTL_ENABLE_DEBUG_INFO = INCLUDE_SOURCE;
				MTL_FAST_MATH = YES;
				ONLY_ACTIVE_ARCH = YES;
				SDKROOT = iphoneos;
				SWIFT_ACTIVE_COMPILATION_CONDITIONS = DEBUG;
				SWIFT_OPTIMIZATION_LEVEL = "-Onone";
			};
			name = Debug;
		};
		739F46B12938B35800F4B92F /* Release */ = {
			isa = XCBuildConfiguration;
			buildSettings = {
				ALWAYS_SEARCH_USER_PATHS = NO;
				CLANG_ANALYZER_LOCALIZABILITY_NONLOCALIZED = YES;
				CLANG_ANALYZER_NONNULL = YES;
				CLANG_ANALYZER_NUMBER_OBJECT_CONVERSION = YES_AGGRESSIVE;
				CLANG_CXX_LANGUAGE_STANDARD = "gnu++20";
				CLANG_ENABLE_MODULES = YES;
				CLANG_ENABLE_OBJC_ARC = YES;
				CLANG_ENABLE_OBJC_WEAK = YES;
				CLANG_WARN_BLOCK_CAPTURE_AUTORELEASING = YES;
				CLANG_WARN_BOOL_CONVERSION = YES;
				CLANG_WARN_COMMA = YES;
				CLANG_WARN_CONSTANT_CONVERSION = YES;
				CLANG_WARN_DEPRECATED_OBJC_IMPLEMENTATIONS = YES;
				CLANG_WARN_DIRECT_OBJC_ISA_USAGE = YES_ERROR;
				CLANG_WARN_DOCUMENTATION_COMMENTS = YES;
				CLANG_WARN_EMPTY_BODY = YES;
				CLANG_WARN_ENUM_CONVERSION = YES;
				CLANG_WARN_INFINITE_RECURSION = YES;
				CLANG_WARN_INT_CONVERSION = YES;
				CLANG_WARN_NON_LITERAL_NULL_CONVERSION = YES;
				CLANG_WARN_OBJC_IMPLICIT_RETAIN_SELF = YES;
				CLANG_WARN_OBJC_LITERAL_CONVERSION = YES;
				CLANG_WARN_OBJC_ROOT_CLASS = YES_ERROR;
				CLANG_WARN_QUOTED_INCLUDE_IN_FRAMEWORK_HEADER = YES;
				CLANG_WARN_RANGE_LOOP_ANALYSIS = YES;
				CLANG_WARN_STRICT_PROTOTYPES = YES;
				CLANG_WARN_SUSPICIOUS_MOVE = YES;
				CLANG_WARN_UNGUARDED_AVAILABILITY = YES_AGGRESSIVE;
				CLANG_WARN_UNREACHABLE_CODE = YES;
				CLANG_WARN__DUPLICATE_METHOD_MATCH = YES;
				COPY_PHASE_STRIP = NO;
				DEBUG_INFORMATION_FORMAT = "dwarf-with-dsym";
				ENABLE_NS_ASSERTIONS = NO;
				ENABLE_STRICT_OBJC_MSGSEND = YES;
				GCC_C_LANGUAGE_STANDARD = gnu11;
				GCC_NO_COMMON_BLOCKS = YES;
				GCC_WARN_64_TO_32_BIT_CONVERSION = YES;
				GCC_WARN_ABOUT_RETURN_TYPE = YES_ERROR;
				GCC_WARN_UNDECLARED_SELECTOR = YES;
				GCC_WARN_UNINITIALIZED_AUTOS = YES_AGGRESSIVE;
				GCC_WARN_UNUSED_FUNCTION = YES;
				GCC_WARN_UNUSED_VARIABLE = YES;
				IPHONEOS_DEPLOYMENT_TARGET = 13.0;
				MTL_ENABLE_DEBUG_INFO = NO;
				MTL_FAST_MATH = YES;
				SDKROOT = iphoneos;
				SWIFT_COMPILATION_MODE = wholemodule;
				SWIFT_OPTIMIZATION_LEVEL = "-O";
				VALIDATE_PRODUCT = YES;
			};
			name = Release;
		};
		739F46B32938B35800F4B92F /* Debug */ = {
			isa = XCBuildConfiguration;
			buildSettings = {
				ASSETCATALOG_COMPILER_APPICON_NAME = AppIcon;
				ASSETCATALOG_COMPILER_GLOBAL_ACCENT_COLOR_NAME = AccentColor;
				CODE_SIGN_STYLE = Automatic;
				CURRENT_PROJECT_VERSION = 1;
				DEVELOPMENT_TEAM = 32TDRHHMUS;
				GENERATE_INFOPLIST_FILE = YES;
				INFOPLIST_FILE = schedule_app/Info.plist;
				INFOPLIST_KEY_CFBundleDisplayName = ScheduleApp;
				INFOPLIST_KEY_NSCameraUsageDescription = "";
				INFOPLIST_KEY_UIApplicationSupportsIndirectInputEvents = YES;
				INFOPLIST_KEY_UILaunchStoryboardName = LaunchScreen;
				INFOPLIST_KEY_UIMainStoryboardFile = Main;
				INFOPLIST_KEY_UISupportedInterfaceOrientations = UIInterfaceOrientationPortrait;
				INFOPLIST_KEY_UISupportedInterfaceOrientations_iPad = "UIInterfaceOrientationLandscapeLeft UIInterfaceOrientationLandscapeRight UIInterfaceOrientationPortrait UIInterfaceOrientationPortraitUpsideDown";
				IPHONEOS_DEPLOYMENT_TARGET = 13.0;
				LD_RUNPATH_SEARCH_PATHS = (
					"$(inherited)",
					"@executable_path/Frameworks",
				);
				MARKETING_VERSION = 1.0;
				PRODUCT_BUNDLE_IDENTIFIER = "com.schedule-app";
				PRODUCT_NAME = "$(TARGET_NAME)";
				SWIFT_EMIT_LOC_STRINGS = YES;
				SWIFT_VERSION = 5.0;
				TARGETED_DEVICE_FAMILY = "1,2";
			};
			name = Debug;
		};
		739F46B42938B35800F4B92F /* Release */ = {
			isa = XCBuildConfiguration;
			buildSettings = {
				ASSETCATALOG_COMPILER_APPICON_NAME = AppIcon;
				ASSETCATALOG_COMPILER_GLOBAL_ACCENT_COLOR_NAME = AccentColor;
				CODE_SIGN_STYLE = Automatic;
				CURRENT_PROJECT_VERSION = 1;
				DEVELOPMENT_TEAM = 32TDRHHMUS;
				GENERATE_INFOPLIST_FILE = YES;
				INFOPLIST_FILE = schedule_app/Info.plist;
				INFOPLIST_KEY_CFBundleDisplayName = ScheduleApp;
				INFOPLIST_KEY_NSCameraUsageDescription = "";
				INFOPLIST_KEY_UIApplicationSupportsIndirectInputEvents = YES;
				INFOPLIST_KEY_UILaunchStoryboardName = LaunchScreen;
				INFOPLIST_KEY_UIMainStoryboardFile = Main;
				INFOPLIST_KEY_UISupportedInterfaceOrientations = UIInterfaceOrientationPortrait;
				INFOPLIST_KEY_UISupportedInterfaceOrientations_iPad = "UIInterfaceOrientationLandscapeLeft UIInterfaceOrientationLandscapeRight UIInterfaceOrientationPortrait UIInterfaceOrientationPortraitUpsideDown";
				IPHONEOS_DEPLOYMENT_TARGET = 13.0;
				LD_RUNPATH_SEARCH_PATHS = (
					"$(inherited)",
					"@executable_path/Frameworks",
				);
				MARKETING_VERSION = 1.0;
				PRODUCT_BUNDLE_IDENTIFIER = "com.schedule-app";
				PRODUCT_NAME = "$(TARGET_NAME)";
				SWIFT_EMIT_LOC_STRINGS = YES;
				SWIFT_VERSION = 5.0;
				TARGETED_DEVICE_FAMILY = "1,2";
			};
			name = Release;
		};
/* End XCBuildConfiguration section */

/* Begin XCConfigurationList section */
		739F46992938B35700F4B92F /* Build configuration list for PBXProject "schedule_app" */ = {
			isa = XCConfigurationList;
			buildConfigurations = (
				739F46B02938B35800F4B92F /* Debug */,
				739F46B12938B35800F4B92F /* Release */,
			);
			defaultConfigurationIsVisible = 0;
			defaultConfigurationName = Release;
		};
		739F46B22938B35800F4B92F /* Build configuration list for PBXNativeTarget "schedule_app" */ = {
			isa = XCConfigurationList;
			buildConfigurations = (
				739F46B32938B35800F4B92F /* Debug */,
				739F46B42938B35800F4B92F /* Release */,
			);
			defaultConfigurationIsVisible = 0;
			defaultConfigurationName = Release;
		};
/* End XCConfigurationList section */

/* Begin XCRemoteSwiftPackageReference section */
		730730A229772EE5000E7191 /* XCRemoteSwiftPackageReference "Localize-Swift" */ = {
			isa = XCRemoteSwiftPackageReference;
			repositoryURL = "https://github.com/marmelroy/Localize-Swift.git";
			requirement = {
				kind = upToNextMajorVersion;
				minimumVersion = 3.0.0;
			};
		};
		738DE32C2964D7DE00D6DD9F /* XCRemoteSwiftPackageReference "firebase-ios-sdk" */ = {
			isa = XCRemoteSwiftPackageReference;
			repositoryURL = "https://github.com/firebase/firebase-ios-sdk";
			requirement = {
				kind = upToNextMajorVersion;
				minimumVersion = 9.0.0;
			};
		};
/* End XCRemoteSwiftPackageReference section */

/* Begin XCSwiftPackageProductDependency section */
		730730A329772EE6000E7191 /* Localize_Swift */ = {
			isa = XCSwiftPackageProductDependency;
			package = 730730A229772EE5000E7191 /* XCRemoteSwiftPackageReference "Localize-Swift" */;
			productName = Localize_Swift;
		};
		738DE32D2964D7DE00D6DD9F /* FirebaseAnalytics */ = {
			isa = XCSwiftPackageProductDependency;
			package = 738DE32C2964D7DE00D6DD9F /* XCRemoteSwiftPackageReference "firebase-ios-sdk" */;
			productName = FirebaseAnalytics;
		};
		738DE32F2964D7DE00D6DD9F /* FirebaseAuth */ = {
			isa = XCSwiftPackageProductDependency;
			package = 738DE32C2964D7DE00D6DD9F /* XCRemoteSwiftPackageReference "firebase-ios-sdk" */;
			productName = FirebaseAuth;
		};
		738DE3312964D7DE00D6DD9F /* FirebaseDatabase */ = {
			isa = XCSwiftPackageProductDependency;
			package = 738DE32C2964D7DE00D6DD9F /* XCRemoteSwiftPackageReference "firebase-ios-sdk" */;
			productName = FirebaseDatabase;
		};
		738DE3332964D7DE00D6DD9F /* FirebaseFirestore */ = {
			isa = XCSwiftPackageProductDependency;
			package = 738DE32C2964D7DE00D6DD9F /* XCRemoteSwiftPackageReference "firebase-ios-sdk" */;
			productName = FirebaseFirestore;
		};
		738DE3352964D7DE00D6DD9F /* FirebaseStorage */ = {
			isa = XCSwiftPackageProductDependency;
			package = 738DE32C2964D7DE00D6DD9F /* XCRemoteSwiftPackageReference "firebase-ios-sdk" */;
			productName = FirebaseStorage;
		};
/* End XCSwiftPackageProductDependency section */
	};
	rootObject = 739F46962938B35700F4B92F /* Project object */;
}
