// !$*UTF8*$!
{
	archiveVersion = 1;
	classes = {
	};
	objectVersion = 56;
	objects = {

/* Begin PBXBuildFile section */
		739F46A22938B35700F4B92F /* AppDelegate.swift in Sources */ = {isa = PBXBuildFile; fileRef = 739F46A12938B35700F4B92F /* AppDelegate.swift */; };
		739F46A42938B35700F4B92F /* SceneDelegate.swift in Sources */ = {isa = PBXBuildFile; fileRef = 739F46A32938B35700F4B92F /* SceneDelegate.swift */; };
		739F46A92938B35700F4B92F /* Main.storyboard in Resources */ = {isa = PBXBuildFile; fileRef = 739F46A72938B35700F4B92F /* Main.storyboard */; };
		739F46AB2938B35800F4B92F /* Assets.xcassets in Resources */ = {isa = PBXBuildFile; fileRef = 739F46AA2938B35800F4B92F /* Assets.xcassets */; };
		739F46AE2938B35800F4B92F /* LaunchScreen.storyboard in Resources */ = {isa = PBXBuildFile; fileRef = 739F46AC2938B35800F4B92F /* LaunchScreen.storyboard */; };
		73BF47B8296313B60094975B /* SettingsTableViewController.swift in Sources */ = {isa = PBXBuildFile; fileRef = 73BF47B7296313B60094975B /* SettingsTableViewController.swift */; };
		73BF47BE296318510094975B /* DayModel.swift in Sources */ = {isa = PBXBuildFile; fileRef = 73BF47BD296318510094975B /* DayModel.swift */; };
		73BF47C02963186A0094975B /* DayTableViewCell.swift in Sources */ = {isa = PBXBuildFile; fileRef = 73BF47BF2963186A0094975B /* DayTableViewCell.swift */; };
		73BF47C2296318830094975B /* DayInfoTableViewCell.swift in Sources */ = {isa = PBXBuildFile; fileRef = 73BF47C1296318830094975B /* DayInfoTableViewCell.swift */; };
		73D7864C29621BC6000BAF8C /* Montserrat-Regular.ttf in Resources */ = {isa = PBXBuildFile; fileRef = 73D7864929621BC6000BAF8C /* Montserrat-Regular.ttf */; };
		73D7864D29621BC6000BAF8C /* Montserrat-Bold.ttf in Resources */ = {isa = PBXBuildFile; fileRef = 73D7864A29621BC6000BAF8C /* Montserrat-Bold.ttf */; };
		73D7864E29621BC6000BAF8C /* Montserrat-SemiBold.ttf in Resources */ = {isa = PBXBuildFile; fileRef = 73D7864B29621BC6000BAF8C /* Montserrat-SemiBold.ttf */; };
		73D7865029622440000BAF8C /* ScheduleViewController.swift in Sources */ = {isa = PBXBuildFile; fileRef = 73D7864F29622440000BAF8C /* ScheduleViewController.swift */; };
/* End PBXBuildFile section */

/* Begin PBXFileReference section */
		739F469E2938B35700F4B92F /* schedule_app.app */ = {isa = PBXFileReference; explicitFileType = wrapper.application; includeInIndex = 0; path = schedule_app.app; sourceTree = BUILT_PRODUCTS_DIR; };
		739F46A12938B35700F4B92F /* AppDelegate.swift */ = {isa = PBXFileReference; lastKnownFileType = sourcecode.swift; path = AppDelegate.swift; sourceTree = "<group>"; };
		739F46A32938B35700F4B92F /* SceneDelegate.swift */ = {isa = PBXFileReference; lastKnownFileType = sourcecode.swift; path = SceneDelegate.swift; sourceTree = "<group>"; };
		739F46A82938B35700F4B92F /* Base */ = {isa = PBXFileReference; lastKnownFileType = file.storyboard; name = Base; path = Base.lproj/Main.storyboard; sourceTree = "<group>"; };
		739F46AA2938B35800F4B92F /* Assets.xcassets */ = {isa = PBXFileReference; lastKnownFileType = folder.assetcatalog; path = Assets.xcassets; sourceTree = "<group>"; };
		739F46AD2938B35800F4B92F /* Base */ = {isa = PBXFileReference; lastKnownFileType = file.storyboard; name = Base; path = Base.lproj/LaunchScreen.storyboard; sourceTree = "<group>"; };
		739F46AF2938B35800F4B92F /* Info.plist */ = {isa = PBXFileReference; lastKnownFileType = text.plist.xml; path = Info.plist; sourceTree = "<group>"; };
		73BF47B7296313B60094975B /* SettingsTableViewController.swift */ = {isa = PBXFileReference; lastKnownFileType = sourcecode.swift; path = SettingsTableViewController.swift; sourceTree = "<group>"; };
		73BF47BD296318510094975B /* DayModel.swift */ = {isa = PBXFileReference; lastKnownFileType = sourcecode.swift; path = DayModel.swift; sourceTree = "<group>"; };
		73BF47BF2963186A0094975B /* DayTableViewCell.swift */ = {isa = PBXFileReference; lastKnownFileType = sourcecode.swift; path = DayTableViewCell.swift; sourceTree = "<group>"; };
		73BF47C1296318830094975B /* DayInfoTableViewCell.swift */ = {isa = PBXFileReference; lastKnownFileType = sourcecode.swift; path = DayInfoTableViewCell.swift; sourceTree = "<group>"; };
		73D7864929621BC6000BAF8C /* Montserrat-Regular.ttf */ = {isa = PBXFileReference; lastKnownFileType = file; path = "Montserrat-Regular.ttf"; sourceTree = "<group>"; };
		73D7864A29621BC6000BAF8C /* Montserrat-Bold.ttf */ = {isa = PBXFileReference; lastKnownFileType = file; path = "Montserrat-Bold.ttf"; sourceTree = "<group>"; };
		73D7864B29621BC6000BAF8C /* Montserrat-SemiBold.ttf */ = {isa = PBXFileReference; lastKnownFileType = file; path = "Montserrat-SemiBold.ttf"; sourceTree = "<group>"; };
		73D7864F29622440000BAF8C /* ScheduleViewController.swift */ = {isa = PBXFileReference; lastKnownFileType = sourcecode.swift; path = ScheduleViewController.swift; sourceTree = "<group>"; };
/* End PBXFileReference section */

/* Begin PBXFrameworksBuildPhase section */
		739F469B2938B35700F4B92F /* Frameworks */ = {
			isa = PBXFrameworksBuildPhase;
			buildActionMask = 2147483647;
			files = (
			);
			runOnlyForDeploymentPostprocessing = 0;
		};
/* End PBXFrameworksBuildPhase section */

/* Begin PBXGroup section */
		739F46952938B35700F4B92F = {
			isa = PBXGroup;
			children = (
				739F46A02938B35700F4B92F /* schedule_app */,
				739F469F2938B35700F4B92F /* Products */,
			);
			sourceTree = "<group>";
		};
		739F469F2938B35700F4B92F /* Products */ = {
			isa = PBXGroup;
			children = (
				739F469E2938B35700F4B92F /* schedule_app.app */,
			);
			name = Products;
			sourceTree = "<group>";
		};
		739F46A02938B35700F4B92F /* schedule_app */ = {
			isa = PBXGroup;
			children = (
				73D7864829621B2F000BAF8C /* fonts */,
				739F46A12938B35700F4B92F /* AppDelegate.swift */,
				739F46A32938B35700F4B92F /* SceneDelegate.swift */,
				739F46A72938B35700F4B92F /* Main.storyboard */,
				739F46AA2938B35800F4B92F /* Assets.xcassets */,
				739F46AC2938B35800F4B92F /* LaunchScreen.storyboard */,
				739F46AF2938B35800F4B92F /* Info.plist */,
				73D7864F29622440000BAF8C /* ScheduleViewController.swift */,
				73BF47B7296313B60094975B /* SettingsTableViewController.swift */,
				73BF47BD296318510094975B /* DayModel.swift */,
				73BF47BF2963186A0094975B /* DayTableViewCell.swift */,
				73BF47C1296318830094975B /* DayInfoTableViewCell.swift */,
			);
			path = schedule_app;
			sourceTree = "<group>";
		};
		73D7864829621B2F000BAF8C /* fonts */ = {
			isa = PBXGroup;
			children = (
				73D7864A29621BC6000BAF8C /* Montserrat-Bold.ttf */,
				73D7864929621BC6000BAF8C /* Montserrat-Regular.ttf */,
				73D7864B29621BC6000BAF8C /* Montserrat-SemiBold.ttf */,
			);
			path = fonts;
			sourceTree = "<group>";
		};
/* End PBXGroup section */

/* Begin PBXNativeTarget section */
		739F469D2938B35700F4B92F /* schedule_app */ = {
			isa = PBXNativeTarget;
			buildConfigurationList = 739F46B22938B35800F4B92F /* Build configuration list for PBXNativeTarget "schedule_app" */;
			buildPhases = (
				739F469A2938B35700F4B92F /* Sources */,
				739F469B2938B35700F4B92F /* Frameworks */,
				739F469C2938B35700F4B92F /* Resources */,
			);
			buildRules = (
			);
			dependencies = (
			);
			name = schedule_app;
			productName = schedule_app;
			productReference = 739F469E2938B35700F4B92F /* schedule_app.app */;
			productType = "com.apple.product-type.application";
		};
/* End PBXNativeTarget section */

/* Begin PBXProject section */
		739F46962938B35700F4B92F /* Project object */ = {
			isa = PBXProject;
			attributes = {
				BuildIndependentTargetsInParallel = 1;
				LastSwiftUpdateCheck = 1400;
				LastUpgradeCheck = 1400;
				TargetAttributes = {
					739F469D2938B35700F4B92F = {
						CreatedOnToolsVersion = 14.0.1;
					};
				};
			};
			buildConfigurationList = 739F46992938B35700F4B92F /* Build configuration list for PBXProject "schedule_app" */;
			compatibilityVersion = "Xcode 14.0";
			developmentRegion = en;
			hasScannedForEncodings = 0;
			knownRegions = (
				en,
				Base,
			);
			mainGroup = 739F46952938B35700F4B92F;
			productRefGroup = 739F469F2938B35700F4B92F /* Products */;
			projectDirPath = "";
			projectRoot = "";
			targets = (
				739F469D2938B35700F4B92F /* schedule_app */,
			);
		};
/* End PBXProject section */

/* Begin PBXResourcesBuildPhase section */
		739F469C2938B35700F4B92F /* Resources */ = {
			isa = PBXResourcesBuildPhase;
			buildActionMask = 2147483647;
			files = (
				73D7864E29621BC6000BAF8C /* Montserrat-SemiBold.ttf in Resources */,
				73D7864D29621BC6000BAF8C /* Montserrat-Bold.ttf in Resources */,
				73D7864C29621BC6000BAF8C /* Montserrat-Regular.ttf in Resources */,
				739F46AE2938B35800F4B92F /* LaunchScreen.storyboard in Resources */,
				739F46AB2938B35800F4B92F /* Assets.xcassets in Resources */,
				739F46A92938B35700F4B92F /* Main.storyboard in Resources */,
			);
			runOnlyForDeploymentPostprocessing = 0;
		};
/* End PBXResourcesBuildPhase section */

/* Begin PBXSourcesBuildPhase section */
		739F469A2938B35700F4B92F /* Sources */ = {
			isa = PBXSourcesBuildPhase;
			buildActionMask = 2147483647;
			files = (
				73BF47C2296318830094975B /* DayInfoTableViewCell.swift in Sources */,
				73BF47B8296313B60094975B /* SettingsTableViewController.swift in Sources */,
				73BF47C02963186A0094975B /* DayTableViewCell.swift in Sources */,
				73BF47BE296318510094975B /* DayModel.swift in Sources */,
				73D7865029622440000BAF8C /* ScheduleViewController.swift in Sources */,
				739F46A22938B35700F4B92F /* AppDelegate.swift in Sources */,
				739F46A42938B35700F4B92F /* SceneDelegate.swift in Sources */,
			);
			runOnlyForDeploymentPostprocessing = 0;
		};
/* End PBXSourcesBuildPhase section */

/* Begin PBXVariantGroup section */
		739F46A72938B35700F4B92F /* Main.storyboard */ = {
			isa = PBXVariantGroup;
			children = (
				739F46A82938B35700F4B92F /* Base */,
			);
			name = Main.storyboard;
			sourceTree = "<group>";
		};
		739F46AC2938B35800F4B92F /* LaunchScreen.storyboard */ = {
			isa = PBXVariantGroup;
			children = (
				739F46AD2938B35800F4B92F /* Base */,
			);
			name = LaunchScreen.storyboard;
			sourceTree = "<group>";
		};
/* End PBXVariantGroup section */

/* Begin XCBuildConfiguration section */
		739F46B02938B35800F4B92F /* Debug */ = {
			isa = XCBuildConfiguration;
			buildSettings = {
				ALWAYS_SEARCH_USER_PATHS = NO;
				CLANG_ANALYZER_NONNULL = YES;
				CLANG_ANALYZER_NUMBER_OBJECT_CONVERSION = YES_AGGRESSIVE;
				CLANG_CXX_LANGUAGE_STANDARD = "gnu++20";
				CLANG_ENABLE_MODULES = YES;
				CLANG_ENABLE_OBJC_ARC = YES;
				CLANG_ENABLE_OBJC_WEAK = YES;
				CLANG_WARN_BLOCK_CAPTURE_AUTORELEASING = YES;
				CLANG_WARN_BOOL_CONVERSION = YES;
				CLANG_WARN_COMMA = YES;
				CLANG_WARN_CONSTANT_CONVERSION = YES;
				CLANG_WARN_DEPRECATED_OBJC_IMPLEMENTATIONS = YES;
				CLANG_WARN_DIRECT_OBJC_ISA_USAGE = YES_ERROR;
				CLANG_WARN_DOCUMENTATION_COMMENTS = YES;
				CLANG_WARN_EMPTY_BODY = YES;
				CLANG_WARN_ENUM_CONVERSION = YES;
				CLANG_WARN_INFINITE_RECURSION = YES;
				CLANG_WARN_INT_CONVERSION = YES;
				CLANG_WARN_NON_LITERAL_NULL_CONVERSION = YES;
				CLANG_WARN_OBJC_IMPLICIT_RETAIN_SELF = YES;
				CLANG_WARN_OBJC_LITERAL_CONVERSION = YES;
				CLANG_WARN_OBJC_ROOT_CLASS = YES_ERROR;
				CLANG_WARN_QUOTED_INCLUDE_IN_FRAMEWORK_HEADER = YES;
				CLANG_WARN_RANGE_LOOP_ANALYSIS = YES;
				CLANG_WARN_STRICT_PROTOTYPES = YES;
				CLANG_WARN_SUSPICIOUS_MOVE = YES;
				CLANG_WARN_UNGUARDED_AVAILABILITY = YES_AGGRESSIVE;
				CLANG_WARN_UNREACHABLE_CODE = YES;
				CLANG_WARN__DUPLICATE_METHOD_MATCH = YES;
				COPY_PHASE_STRIP = NO;
				DEBUG_INFORMATION_FORMAT = dwarf;
				ENABLE_STRICT_OBJC_MSGSEND = YES;
				ENABLE_TESTABILITY = YES;
				GCC_C_LANGUAGE_STANDARD = gnu11;
				GCC_DYNAMIC_NO_PIC = NO;
				GCC_NO_COMMON_BLOCKS = YES;
				GCC_OPTIMIZATION_LEVEL = 0;
				GCC_PREPROCESSOR_DEFINITIONS = (
					"DEBUG=1",
					"$(inherited)",
				);
				GCC_WARN_64_TO_32_BIT_CONVERSION = YES;
				GCC_WARN_ABOUT_RETURN_TYPE = YES_ERROR;
				GCC_WARN_UNDECLARED_SELECTOR = YES;
				GCC_WARN_UNINITIALIZED_AUTOS = YES_AGGRESSIVE;
				GCC_WARN_UNUSED_FUNCTION = YES;
				GCC_WARN_UNUSED_VARIABLE = YES;
				IPHONEOS_DEPLOYMENT_TARGET = 13.0;
				MTL_ENABLE_DEBUG_INFO = INCLUDE_SOURCE;
				MTL_FAST_MATH = YES;
				ONLY_ACTIVE_ARCH = YES;
				SDKROOT = iphoneos;
				SWIFT_ACTIVE_COMPILATION_CONDITIONS = DEBUG;
				SWIFT_OPTIMIZATION_LEVEL = "-Onone";
			};
			name = Debug;
		};
		739F46B12938B35800F4B92F /* Release */ = {
			isa = XCBuildConfiguration;
			buildSettings = {
				ALWAYS_SEARCH_USER_PATHS = NO;
				CLANG_ANALYZER_NONNULL = YES;
				CLANG_ANALYZER_NUMBER_OBJECT_CONVERSION = YES_AGGRESSIVE;
				CLANG_CXX_LANGUAGE_STANDARD = "gnu++20";
				CLANG_ENABLE_MODULES = YES;
				CLANG_ENABLE_OBJC_ARC = YES;
				CLANG_ENABLE_OBJC_WEAK = YES;
				CLANG_WARN_BLOCK_CAPTURE_AUTORELEASING = YES;
				CLANG_WARN_BOOL_CONVERSION = YES;
				CLANG_WARN_COMMA = YES;
				CLANG_WARN_CONSTANT_CONVERSION = YES;
				CLANG_WARN_DEPRECATED_OBJC_IMPLEMENTATIONS = YES;
				CLANG_WARN_DIRECT_OBJC_ISA_USAGE = YES_ERROR;
				CLANG_WARN_DOCUMENTATION_COMMENTS = YES;
				CLANG_WARN_EMPTY_BODY = YES;
				CLANG_WARN_ENUM_CONVERSION = YES;
				CLANG_WARN_INFINITE_RECURSION = YES;
				CLANG_WARN_INT_CONVERSION = YES;
				CLANG_WARN_NON_LITERAL_NULL_CONVERSION = YES;
				CLANG_WARN_OBJC_IMPLICIT_RETAIN_SELF = YES;
				CLANG_WARN_OBJC_LITERAL_CONVERSION = YES;
				CLANG_WARN_OBJC_ROOT_CLASS = YES_ERROR;
				CLANG_WARN_QUOTED_INCLUDE_IN_FRAMEWORK_HEADER = YES;
				CLANG_WARN_RANGE_LOOP_ANALYSIS = YES;
				CLANG_WARN_STRICT_PROTOTYPES = YES;
				CLANG_WARN_SUSPICIOUS_MOVE = YES;
				CLANG_WARN_UNGUARDED_AVAILABILITY = YES_AGGRESSIVE;
				CLANG_WARN_UNREACHABLE_CODE = YES;
				CLANG_WARN__DUPLICATE_METHOD_MATCH = YES;
				COPY_PHASE_STRIP = NO;
				DEBUG_INFORMATION_FORMAT = "dwarf-with-dsym";
				ENABLE_NS_ASSERTIONS = NO;
				ENABLE_STRICT_OBJC_MSGSEND = YES;
				GCC_C_LANGUAGE_STANDARD = gnu11;
				GCC_NO_COMMON_BLOCKS = YES;
				GCC_WARN_64_TO_32_BIT_CONVERSION = YES;
				GCC_WARN_ABOUT_RETURN_TYPE = YES_ERROR;
				GCC_WARN_UNDECLARED_SELECTOR = YES;
				GCC_WARN_UNINITIALIZED_AUTOS = YES_AGGRESSIVE;
				GCC_WARN_UNUSED_FUNCTION = YES;
				GCC_WARN_UNUSED_VARIABLE = YES;
				IPHONEOS_DEPLOYMENT_TARGET = 13.0;
				MTL_ENABLE_DEBUG_INFO = NO;
				MTL_FAST_MATH = YES;
				SDKROOT = iphoneos;
				SWIFT_COMPILATION_MODE = wholemodule;
				SWIFT_OPTIMIZATION_LEVEL = "-O";
				VALIDATE_PRODUCT = YES;
			};
			name = Release;
		};
		739F46B32938B35800F4B92F /* Debug */ = {
			isa = XCBuildConfiguration;
			buildSettings = {
				ASSETCATALOG_COMPILER_APPICON_NAME = AppIcon;
				ASSETCATALOG_COMPILER_GLOBAL_ACCENT_COLOR_NAME = AccentColor;
				CODE_SIGN_STYLE = Automatic;
				CURRENT_PROJECT_VERSION = 1;
				DEVELOPMENT_TEAM = 32TDRHHMUS;
				GENERATE_INFOPLIST_FILE = YES;
				INFOPLIST_FILE = schedule_app/Info.plist;
				INFOPLIST_KEY_UIApplicationSupportsIndirectInputEvents = YES;
				INFOPLIST_KEY_UILaunchStoryboardName = LaunchScreen;
				INFOPLIST_KEY_UIMainStoryboardFile = Main;
				INFOPLIST_KEY_UISupportedInterfaceOrientations_iPad = "UIInterfaceOrientationPortrait UIInterfaceOrientationPortraitUpsideDown UIInterfaceOrientationLandscapeLeft UIInterfaceOrientationLandscapeRight";
				INFOPLIST_KEY_UISupportedInterfaceOrientations_iPhone = "UIInterfaceOrientationPortrait UIInterfaceOrientationLandscapeLeft UIInterfaceOrientationLandscapeRight";
				IPHONEOS_DEPLOYMENT_TARGET = 13.0;
				LD_RUNPATH_SEARCH_PATHS = (
					"$(inherited)",
					"@executable_path/Frameworks",
				);
				MARKETING_VERSION = 1.0;
				PRODUCT_BUNDLE_IDENTIFIER = "com.schedule-app";
				PRODUCT_NAME = "$(TARGET_NAME)";
				SWIFT_EMIT_LOC_STRINGS = YES;
				SWIFT_VERSION = 5.0;
				TARGETED_DEVICE_FAMILY = "1,2";
			};
			name = Debug;
		};
		739F46B42938B35800F4B92F /* Release */ = {
			isa = XCBuildConfiguration;
			buildSettings = {
				ASSETCATALOG_COMPILER_APPICON_NAME = AppIcon;
				ASSETCATALOG_COMPILER_GLOBAL_ACCENT_COLOR_NAME = AccentColor;
				CODE_SIGN_STYLE = Automatic;
				CURRENT_PROJECT_VERSION = 1;
				DEVELOPMENT_TEAM = 32TDRHHMUS;
				GENERATE_INFOPLIST_FILE = YES;
				INFOPLIST_FILE = schedule_app/Info.plist;
				INFOPLIST_KEY_UIApplicationSupportsIndirectInputEvents = YES;
				INFOPLIST_KEY_UILaunchStoryboardName = LaunchScreen;
				INFOPLIST_KEY_UIMainStoryboardFile = Main;
				INFOPLIST_KEY_UISupportedInterfaceOrientations_iPad = "UIInterfaceOrientationPortrait UIInterfaceOrientationPortraitUpsideDown UIInterfaceOrientationLandscapeLeft UIInterfaceOrientationLandscapeRight";
				INFOPLIST_KEY_UISupportedInterfaceOrientations_iPhone = "UIInterfaceOrientationPortrait UIInterfaceOrientationLandscapeLeft UIInterfaceOrientationLandscapeRight";
				IPHONEOS_DEPLOYMENT_TARGET = 13.0;
				LD_RUNPATH_SEARCH_PATHS = (
					"$(inherited)",
					"@executable_path/Frameworks",
				);
				MARKETING_VERSION = 1.0;
				PRODUCT_BUNDLE_IDENTIFIER = "com.schedule-app";
				PRODUCT_NAME = "$(TARGET_NAME)";
				SWIFT_EMIT_LOC_STRINGS = YES;
				SWIFT_VERSION = 5.0;
				TARGETED_DEVICE_FAMILY = "1,2";
			};
			name = Release;
		};
/* End XCBuildConfiguration section */

/* Begin XCConfigurationList section */
		739F46992938B35700F4B92F /* Build configuration list for PBXProject "schedule_app" */ = {
			isa = XCConfigurationList;
			buildConfigurations = (
				739F46B02938B35800F4B92F /* Debug */,
				739F46B12938B35800F4B92F /* Release */,
			);
			defaultConfigurationIsVisible = 0;
			defaultConfigurationName = Release;
		};
		739F46B22938B35800F4B92F /* Build configuration list for PBXNativeTarget "schedule_app" */ = {
			isa = XCConfigurationList;
			buildConfigurations = (
				739F46B32938B35800F4B92F /* Debug */,
				739F46B42938B35800F4B92F /* Release */,
			);
			defaultConfigurationIsVisible = 0;
			defaultConfigurationName = Release;
		};
/* End XCConfigurationList section */
	};
	rootObject = 739F46962938B35700F4B92F /* Project object */;
}
